dependencies:
- name: jupyterhub
  repository: https://jupyterhub.github.io/helm-chart/
  version: 0.11.1
- name: keycloak
  repository: https://codecentric.github.io/helm-charts
  version: 9.0.8
- name: postgresql
  repository: https://charts.bitnami.com/bitnami
  version: 9.3.4
- name: mongodb
  repository: https://charts.bitnami.com/bitnami
  version: 9.3.1
digest: sha256:900f44fe458fd7e87f6b8861a799f95b93a257206f49dc507759cba30b049785
generated: "2021-05-05T22:05:37.638339-05:00"
