dependencies:
- name: keycloak
  repository: https://codecentric.github.io/helm-charts
  version: 18.4.4
- name: postgresql
  repository: https://raw.githubusercontent.com/bitnami/charts/archive-full-index/bitnami
  version: 10.16.2
- name: mongodb
  repository: https://raw.githubusercontent.com/bitnami/charts/archive-full-index/bitnami
  version: 9.3.1
- name: datawolf
  repository: https://opensource.ncsa.illinois.edu/charts
  version: 1.0.1
digest: sha256:36b286d4de067cdee5da5cf2fe7159d4cbc78b1e99ff9f2a29131573ca202f16
generated: "2024-05-28T17:01:46.018065-05:00"
